<?xml version="1.0" encoding="utf-8"?>
<Project ToolsVersion="4.0" xmlns="http://schemas.microsoft.com/developer/msbuild/2003">
  <ItemGroup>
    <Filter Include="src">
      <UniqueIdentifier>{141de305-9d7d-4acd-b6f8-3069aec6ed2c}</UniqueIdentifier>
    </Filter>
    <Filter Include="src\Game">
      <UniqueIdentifier>{d816c51d-22b6-4e91-86f0-6bf60632b584}</UniqueIdentifier>
    </Filter>
    <Filter Include="src\GuiController">
      <UniqueIdentifier>{cfbec313-5f75-49a2-b6aa-6e6696db711a}</UniqueIdentifier>
    </Filter>
    <Filter Include="src\ActionsController">
      <UniqueIdentifier>{8558763c-a0eb-462e-8384-b54154b693f2}</UniqueIdentifier>
    </Filter>
  </ItemGroup>
  <ItemGroup>
    <ClCompile Include="main.cpp">
      <Filter>src</Filter>
    </ClCompile>
    <ClCompile Include="stdafx.cpp">
      <Filter>src</Filter>
    </ClCompile>
    <ClCompile Include="Game.cpp">
      <Filter>src\Game</Filter>
    </ClCompile>
    <ClCompile Include="GuiController.cpp">
      <Filter>src\GuiController</Filter>
    </ClCompile>
    <ClCompile Include="ActionsController.cpp">
      <Filter>src\ActionsController</Filter>
    </ClCompile>
  </ItemGroup>
  <ItemGroup>
    <ClInclude Include="stdafx.h">
      <Filter>src</Filter>
    </ClInclude>
    <ClInclude Include="Game.h">
      <Filter>src\Game</Filter>
    </ClInclude>
    <ClInclude Include="GuiController.h">
      <Filter>src\GuiController</Filter>
    </ClInclude>
    <ClInclude Include="Fwd.h">
      <Filter>src</Filter>
    </ClInclude>
    <ClInclude Include="ActionsController.h">
      <Filter>src\ActionsController</Filter>
    </ClInclude>
  </ItemGroup>
</Project>